{
  "name": "despair-extension",
  "version": "5.0.0",
  "lockfileVersion": 3,
  "requires": true,
  "packages": {
    "": {
      "name": "despair-extension",
      "version": "5.0.0",
      "license": "GPL-2.0",
      "dependencies": {
        "despair-extension": "file:"
      }
    },
    "node_modules/despair-extension": {
      "resolved": "",
      "link": true
    }
  }
}
